
Microsoft Visual Studio Solution File, Format Version 12.00
# Visual Studio Version 17
VisualStudioVersion = 17.0.31903.59
MinimumVisualStudioVersion = 10.0.40219.1
Project("{FAE04EC0-301F-11D3-BF4B-00C04F79EFBC}") = "TestTaskbArt.Api", "TestTaskbArt.Api\TestTaskbArt.Api.csproj", "{ED322E48-B7E9-4866-B9E1-9D082A4DF09C}"
EndProject
Project("{FAE04EC0-301F-11D3-BF4B-00C04F79EFBC}") = "TestTaskbArt.Contracts", "TestTaskbArt.Contracts\TestTaskbArt.Contracts.csproj", "{BA92D8C0-1506-4A6E-85A7-28E058DEBE43}"
EndProject
Project("{FAE04EC0-301F-11D3-BF4B-00C04F79EFBC}") = "TestTaskbArt.Data", "TestTaskbArt.Data\TestTaskbArt.Data.csproj", "{F5240145-3D40-408D-8A89-9339953D7698}"
EndProject
Project("{FAE04EC0-301F-11D3-BF4B-00C04F79EFBC}") = "TestTaskbArt.Data.Entities", "TestTaskbArt.Data.Entities\TestTaskbArt.Data.Entities.csproj", "{E585B47C-D5D3-4E3A-AECA-F499C8A18579}"
EndProject
Project("{FAE04EC0-301F-11D3-BF4B-00C04F79EFBC}") = "TestTaskbArt.Domain.Services", "TestTaskbArt.Domain.Services\TestTaskbArt.Domain.Services.csproj", "{636FACD2-2A7A-4EF4-8334-2691BFEDAFC6}"
EndProject
Project("{FAE04EC0-301F-11D3-BF4B-00C04F79EFBC}") = "TeastTaskbArt.Common", "TeastTaskbArt.Common\TeastTaskbArt.Common.csproj", "{74F9EBCD-3232-4785-9D86-CFA417C77B9B}"
EndProject
Global
	GlobalSection(SolutionConfigurationPlatforms) = preSolution
		Debug|Any CPU = Debug|Any CPU
		Release|Any CPU = Release|Any CPU
	EndGlobalSection
	GlobalSection(SolutionProperties) = preSolution
		HideSolutionNode = FALSE
	EndGlobalSection
	GlobalSection(ProjectConfigurationPlatforms) = postSolution
		{ED322E48-B7E9-4866-B9E1-9D082A4DF09C}.Debug|Any CPU.ActiveCfg = Debug|Any CPU
		{ED322E48-B7E9-4866-B9E1-9D082A4DF09C}.Debug|Any CPU.Build.0 = Debug|Any CPU
		{ED322E48-B7E9-4866-B9E1-9D082A4DF09C}.Release|Any CPU.ActiveCfg = Release|Any CPU
		{ED322E48-B7E9-4866-B9E1-9D082A4DF09C}.Release|Any CPU.Build.0 = Release|Any CPU
		{BA92D8C0-1506-4A6E-85A7-28E058DEBE43}.Debug|Any CPU.ActiveCfg = Debug|Any CPU
		{BA92D8C0-1506-4A6E-85A7-28E058DEBE43}.Debug|Any CPU.Build.0 = Debug|Any CPU
		{BA92D8C0-1506-4A6E-85A7-28E058DEBE43}.Release|Any CPU.ActiveCfg = Release|Any CPU
		{BA92D8C0-1506-4A6E-85A7-28E058DEBE43}.Release|Any CPU.Build.0 = Release|Any CPU
		{F5240145-3D40-408D-8A89-9339953D7698}.Debug|Any CPU.ActiveCfg = Debug|Any CPU
		{F5240145-3D40-408D-8A89-9339953D7698}.Debug|Any CPU.Build.0 = Debug|Any CPU
		{F5240145-3D40-408D-8A89-9339953D7698}.Release|Any CPU.ActiveCfg = Release|Any CPU
		{F5240145-3D40-408D-8A89-9339953D7698}.Release|Any CPU.Build.0 = Release|Any CPU
		{E585B47C-D5D3-4E3A-AECA-F499C8A18579}.Debug|Any CPU.ActiveCfg = Debug|Any CPU
		{E585B47C-D5D3-4E3A-AECA-F499C8A18579}.Debug|Any CPU.Build.0 = Debug|Any CPU
		{E585B47C-D5D3-4E3A-AECA-F499C8A18579}.Release|Any CPU.ActiveCfg = Release|Any CPU
		{E585B47C-D5D3-4E3A-AECA-F499C8A18579}.Release|Any CPU.Build.0 = Release|Any CPU
		{636FACD2-2A7A-4EF4-8334-2691BFEDAFC6}.Debug|Any CPU.ActiveCfg = Debug|Any CPU
		{636FACD2-2A7A-4EF4-8334-2691BFEDAFC6}.Debug|Any CPU.Build.0 = Debug|Any CPU
		{636FACD2-2A7A-4EF4-8334-2691BFEDAFC6}.Release|Any CPU.ActiveCfg = Release|Any CPU
		{636FACD2-2A7A-4EF4-8334-2691BFEDAFC6}.Release|Any CPU.Build.0 = Release|Any CPU
		{74F9EBCD-3232-4785-9D86-CFA417C77B9B}.Debug|Any CPU.ActiveCfg = Debug|Any CPU
		{74F9EBCD-3232-4785-9D86-CFA417C77B9B}.Debug|Any CPU.Build.0 = Debug|Any CPU
		{74F9EBCD-3232-4785-9D86-CFA417C77B9B}.Release|Any CPU.ActiveCfg = Release|Any CPU
		{74F9EBCD-3232-4785-9D86-CFA417C77B9B}.Release|Any CPU.Build.0 = Release|Any CPU
	EndGlobalSection
EndGlobal
